
Microsoft Visual Studio Solution File, Format Version 12.00
# Visual Studio Version 17
VisualStudioVersion = 17.9.34701.34
MinimumVisualStudioVersion = 10.0.40219.1
Project("{FAE04EC0-301F-11D3-BF4B-00C04F79EFBC}") = "masterpage3", "masterpage3.csproj", "{DD25D823-4FB4-4299-9601-86698C76AC01}"
EndProject
Global
	GlobalSection(SolutionConfigurationPlatforms) = preSolution
		Debug|Any CPU = Debug|Any CPU
		Release|Any CPU = Release|Any CPU
	EndGlobalSection
	GlobalSection(ProjectConfigurationPlatforms) = postSolution
		{DD25D823-4FB4-4299-9601-86698C76AC01}.Debug|Any CPU.ActiveCfg = Debug|Any CPU
		{DD25D823-4FB4-4299-9601-86698C76AC01}.Debug|Any CPU.Build.0 = Debug|Any CPU
		{DD25D823-4FB4-4299-9601-86698C76AC01}.Release|Any CPU.ActiveCfg = Release|Any CPU
		{DD25D823-4FB4-4299-9601-86698C76AC01}.Release|Any CPU.Build.0 = Release|Any CPU
	EndGlobalSection
	GlobalSection(SolutionProperties) = preSolution
		HideSolutionNode = FALSE
	EndGlobalSection
	GlobalSection(ExtensibilityGlobals) = postSolution
		SolutionGuid = {62B425C0-9D4E-420C-B333-73ED88E1AF93}
	EndGlobalSection
EndGlobal
